# This file is automatically @generated by Cargo.
# It is not intended for manual editing.
version = 3

[[package]]
name = "libplayground"
version = "0.1.0"

[[package]]
name = "minrt-sys"
version = "0.1.0"

[[package]]
name = "rust-gba-playground"
version = "0.1.0"
dependencies = [
 "libplayground",
 "minrt-sys",
]
